
Microsoft Visual Studio Solution File, Format Version 12.00
Project("{FAE04EC0-301F-11D3-BF4B-00C04F79EFBC}") = "Task 1", "Task 1\Task 1.csproj", "{67A51D90-9EFE-42EC-B11B-B2899040F615}"
EndProject
Project("{FAE04EC0-301F-11D3-BF4B-00C04F79EFBC}") = "Task2", "Task2\Task2.csproj", "{FAAB7D0D-AFE2-4569-ABA0-7A0329E46660}"
EndProject
Project("{FAE04EC0-301F-11D3-BF4B-00C04F79EFBC}") = "Task3", "Task3\Task3.csproj", "{2AD68ECB-542F-4A6A-BD55-EA915358718B}"
EndProject
Project("{FAE04EC0-301F-11D3-BF4B-00C04F79EFBC}") = "Task4", "Task4\Task4.csproj", "{3B5C77F9-324F-4A95-AD00-19CA1805F9B2}"
EndProject
Project("{FAE04EC0-301F-11D3-BF4B-00C04F79EFBC}") = "Task5", "Task5\Task5.csproj", "{BADFC68F-41BD-4700-BA44-2948BAF2DA2C}"
EndProject
Project("{FAE04EC0-301F-11D3-BF4B-00C04F79EFBC}") = "Task6", "Task6\Task6.csproj", "{BDC7582B-E51A-41F8-B7B0-9C0A5C69D0F3}"
EndProject
Project("{FAE04EC0-301F-11D3-BF4B-00C04F79EFBC}") = "Task7", "Task7\Task7.csproj", "{998F49E8-311C-465D-B659-BE5FE85607AE}"
EndProject
Project("{FAE04EC0-301F-11D3-BF4B-00C04F79EFBC}") = "Task8", "Task8\Task8.csproj", "{0484999E-3D18-4082-A231-C4E8250D19E4}"
EndProject
Global
	GlobalSection(SolutionConfigurationPlatforms) = preSolution
		Debug|Any CPU = Debug|Any CPU
		Release|Any CPU = Release|Any CPU
	EndGlobalSection
	GlobalSection(ProjectConfigurationPlatforms) = postSolution
		{67A51D90-9EFE-42EC-B11B-B2899040F615}.Debug|Any CPU.ActiveCfg = Debug|Any CPU
		{67A51D90-9EFE-42EC-B11B-B2899040F615}.Debug|Any CPU.Build.0 = Debug|Any CPU
		{67A51D90-9EFE-42EC-B11B-B2899040F615}.Release|Any CPU.ActiveCfg = Release|Any CPU
		{67A51D90-9EFE-42EC-B11B-B2899040F615}.Release|Any CPU.Build.0 = Release|Any CPU
		{FAAB7D0D-AFE2-4569-ABA0-7A0329E46660}.Debug|Any CPU.ActiveCfg = Debug|Any CPU
		{FAAB7D0D-AFE2-4569-ABA0-7A0329E46660}.Debug|Any CPU.Build.0 = Debug|Any CPU
		{FAAB7D0D-AFE2-4569-ABA0-7A0329E46660}.Release|Any CPU.ActiveCfg = Release|Any CPU
		{FAAB7D0D-AFE2-4569-ABA0-7A0329E46660}.Release|Any CPU.Build.0 = Release|Any CPU
		{2AD68ECB-542F-4A6A-BD55-EA915358718B}.Debug|Any CPU.ActiveCfg = Debug|Any CPU
		{2AD68ECB-542F-4A6A-BD55-EA915358718B}.Debug|Any CPU.Build.0 = Debug|Any CPU
		{2AD68ECB-542F-4A6A-BD55-EA915358718B}.Release|Any CPU.ActiveCfg = Release|Any CPU
		{2AD68ECB-542F-4A6A-BD55-EA915358718B}.Release|Any CPU.Build.0 = Release|Any CPU
		{3B5C77F9-324F-4A95-AD00-19CA1805F9B2}.Debug|Any CPU.ActiveCfg = Debug|Any CPU
		{3B5C77F9-324F-4A95-AD00-19CA1805F9B2}.Debug|Any CPU.Build.0 = Debug|Any CPU
		{3B5C77F9-324F-4A95-AD00-19CA1805F9B2}.Release|Any CPU.ActiveCfg = Release|Any CPU
		{3B5C77F9-324F-4A95-AD00-19CA1805F9B2}.Release|Any CPU.Build.0 = Release|Any CPU
		{BADFC68F-41BD-4700-BA44-2948BAF2DA2C}.Debug|Any CPU.ActiveCfg = Debug|Any CPU
		{BADFC68F-41BD-4700-BA44-2948BAF2DA2C}.Debug|Any CPU.Build.0 = Debug|Any CPU
		{BADFC68F-41BD-4700-BA44-2948BAF2DA2C}.Release|Any CPU.ActiveCfg = Release|Any CPU
		{BADFC68F-41BD-4700-BA44-2948BAF2DA2C}.Release|Any CPU.Build.0 = Release|Any CPU
		{BDC7582B-E51A-41F8-B7B0-9C0A5C69D0F3}.Debug|Any CPU.ActiveCfg = Debug|Any CPU
		{BDC7582B-E51A-41F8-B7B0-9C0A5C69D0F3}.Debug|Any CPU.Build.0 = Debug|Any CPU
		{BDC7582B-E51A-41F8-B7B0-9C0A5C69D0F3}.Release|Any CPU.ActiveCfg = Release|Any CPU
		{BDC7582B-E51A-41F8-B7B0-9C0A5C69D0F3}.Release|Any CPU.Build.0 = Release|Any CPU
		{998F49E8-311C-465D-B659-BE5FE85607AE}.Debug|Any CPU.ActiveCfg = Debug|Any CPU
		{998F49E8-311C-465D-B659-BE5FE85607AE}.Debug|Any CPU.Build.0 = Debug|Any CPU
		{998F49E8-311C-465D-B659-BE5FE85607AE}.Release|Any CPU.ActiveCfg = Release|Any CPU
		{998F49E8-311C-465D-B659-BE5FE85607AE}.Release|Any CPU.Build.0 = Release|Any CPU
		{0484999E-3D18-4082-A231-C4E8250D19E4}.Debug|Any CPU.ActiveCfg = Debug|Any CPU
		{0484999E-3D18-4082-A231-C4E8250D19E4}.Debug|Any CPU.Build.0 = Debug|Any CPU
		{0484999E-3D18-4082-A231-C4E8250D19E4}.Release|Any CPU.ActiveCfg = Release|Any CPU
		{0484999E-3D18-4082-A231-C4E8250D19E4}.Release|Any CPU.Build.0 = Release|Any CPU
	EndGlobalSection
EndGlobal
